
Microsoft Visual Studio Solution File, Format Version 12.00
# Visual Studio Version 16
VisualStudioVersion = 16.0.31129.286
MinimumVisualStudioVersion = 10.0.40219.1
Project("{FAE04EC0-301F-11D3-BF4B-00C04F79EFBC}") = "DuinoMiner", "DuinoMiner\DuinoMiner.csproj", "{5EC18DC3-FD68-4941-9DB3-405BDFAA8FFE}"
EndProject
Global
	GlobalSection(SolutionConfigurationPlatforms) = preSolution
		Debug|Any CPU = Debug|Any CPU
		Release|Any CPU = Release|Any CPU
	EndGlobalSection
	GlobalSection(ProjectConfigurationPlatforms) = postSolution
		{5EC18DC3-FD68-4941-9DB3-405BDFAA8FFE}.Debug|Any CPU.ActiveCfg = Debug|Any CPU
		{5EC18DC3-FD68-4941-9DB3-405BDFAA8FFE}.Debug|Any CPU.Build.0 = Debug|Any CPU
		{5EC18DC3-FD68-4941-9DB3-405BDFAA8FFE}.Release|Any CPU.ActiveCfg = Release|Any CPU
		{5EC18DC3-FD68-4941-9DB3-405BDFAA8FFE}.Release|Any CPU.Build.0 = Release|Any CPU
	EndGlobalSection
	GlobalSection(SolutionProperties) = preSolution
		HideSolutionNode = FALSE
	EndGlobalSection
	GlobalSection(ExtensibilityGlobals) = postSolution
		SolutionGuid = {DBD83560-0D95-40B2-B8A7-ABE2065275EB}
	EndGlobalSection
EndGlobal
